
Microsoft Visual Studio Solution File, Format Version 12.00
# Visual Studio Version 16
VisualStudioVersion = 25.0.1704.0
MinimumVisualStudioVersion = 10.0.40219.1
Project("{FAE04EC0-301F-11D3-BF4B-00C04F79EFBC}") = "WellcomeToLinq", "WellcomeToLinq\WellcomeToLinq.csproj", "{A2D9E3B6-872A-4DA8-B22B-698CC960BBC6}"
EndProject
Project("{FAE04EC0-301F-11D3-BF4B-00C04F79EFBC}") = "NUnitTests", "NUnitTests\NUnitTests.csproj", "{EDB8BBB9-FBEA-44D3-A3C7-FCF80770C070}"
EndProject
Global
	GlobalSection(SolutionConfigurationPlatforms) = preSolution
		Debug|Any CPU = Debug|Any CPU
		Release|Any CPU = Release|Any CPU
	EndGlobalSection
	GlobalSection(ProjectConfigurationPlatforms) = postSolution
		{A2D9E3B6-872A-4DA8-B22B-698CC960BBC6}.Debug|Any CPU.ActiveCfg = Debug|Any CPU
		{A2D9E3B6-872A-4DA8-B22B-698CC960BBC6}.Debug|Any CPU.Build.0 = Debug|Any CPU
		{A2D9E3B6-872A-4DA8-B22B-698CC960BBC6}.Release|Any CPU.ActiveCfg = Release|Any CPU
		{A2D9E3B6-872A-4DA8-B22B-698CC960BBC6}.Release|Any CPU.Build.0 = Release|Any CPU
		{EDB8BBB9-FBEA-44D3-A3C7-FCF80770C070}.Debug|Any CPU.ActiveCfg = Debug|Any CPU
		{EDB8BBB9-FBEA-44D3-A3C7-FCF80770C070}.Debug|Any CPU.Build.0 = Debug|Any CPU
		{EDB8BBB9-FBEA-44D3-A3C7-FCF80770C070}.Release|Any CPU.ActiveCfg = Release|Any CPU
		{EDB8BBB9-FBEA-44D3-A3C7-FCF80770C070}.Release|Any CPU.Build.0 = Release|Any CPU
	EndGlobalSection
	GlobalSection(SolutionProperties) = preSolution
		HideSolutionNode = FALSE
	EndGlobalSection
	GlobalSection(ExtensibilityGlobals) = postSolution
		SolutionGuid = {2E4BC93E-71EF-4131-84BB-9D0368F96486}
	EndGlobalSection
EndGlobal
